
Microsoft Visual Studio Solution File, Format Version 12.00
# Visual Studio 2013
Project("{FAE04EC0-301F-11D3-BF4B-00C04F79EFBC}") = "ShaderLab.CSharp", "ShaderLab.CSharp.csproj", "{117271A9-07FB-5A93-9557-BDC5CF60A0C1}"
EndProject
Project("{FAE04EC0-301F-11D3-BF4B-00C04F79EFBC}") = "ShaderLab.CSharp.Editor", "ShaderLab.CSharp.Editor.csproj", "{A9534EA8-4273-83B8-367C-62CEE98C96EC}"
EndProject
Global
	GlobalSection(SolutionConfigurationPlatforms) = preSolution
		Debug|Any CPU = Debug|Any CPU
		Release|Any CPU = Release|Any CPU
	EndGlobalSection
	GlobalSection(ProjectConfigurationPlatforms) = postSolution
		{117271A9-07FB-5A93-9557-BDC5CF60A0C1}.Debug|Any CPU.ActiveCfg = Debug|Any CPU
		{117271A9-07FB-5A93-9557-BDC5CF60A0C1}.Debug|Any CPU.Build.0 = Debug|Any CPU
		{117271A9-07FB-5A93-9557-BDC5CF60A0C1}.Release|Any CPU.ActiveCfg = Release|Any CPU
		{117271A9-07FB-5A93-9557-BDC5CF60A0C1}.Release|Any CPU.Build.0 = Release|Any CPU
		{A9534EA8-4273-83B8-367C-62CEE98C96EC}.Debug|Any CPU.ActiveCfg = Debug|Any CPU
		{A9534EA8-4273-83B8-367C-62CEE98C96EC}.Debug|Any CPU.Build.0 = Debug|Any CPU
		{A9534EA8-4273-83B8-367C-62CEE98C96EC}.Release|Any CPU.ActiveCfg = Release|Any CPU
		{A9534EA8-4273-83B8-367C-62CEE98C96EC}.Release|Any CPU.Build.0 = Release|Any CPU
	EndGlobalSection
	GlobalSection(SolutionProperties) = preSolution
		HideSolutionNode = FALSE
	EndGlobalSection
EndGlobal
